// !$*UTF8*$!
{
	archiveVersion = 1;
	classes = {
	};
	objectVersion = 60;
	objects = {

/* Begin PBXBuildFile section */
		54371A2C2AFD68C6007BF214 /* iOverlay in Frameworks */ = {isa = PBXBuildFile; productRef = 54371A2B2AFD68C6007BF214 /* iOverlay */; };
		545646982AFAAD74008ED0AA /* main.swift in Sources */ = {isa = PBXBuildFile; fileRef = 545646972AFAAD74008ED0AA /* main.swift */; };
		5456469F2AFAAD96008ED0AA /* ManySquaresTest.swift in Sources */ = {isa = PBXBuildFile; fileRef = 5456469E2AFAAD96008ED0AA /* ManySquaresTest.swift */; };
		545646A22AFAAE03008ED0AA /* iOverlay in Frameworks */ = {isa = PBXBuildFile; productRef = 545646A12AFAAE03008ED0AA /* iOverlay */; };
		545646A42AFAAF48008ED0AA /* LongRectsTest.swift in Sources */ = {isa = PBXBuildFile; fileRef = 545646A32AFAAF48008ED0AA /* LongRectsTest.swift */; };
		546C7F4A2B1728B8000D36DF /* NoOverlapTest.swift in Sources */ = {isa = PBXBuildFile; fileRef = 546C7F492B1728B8000D36DF /* NoOverlapTest.swift */; };
		547D14122B270D520092E67D /* ManySquaresUnionTest.swift in Sources */ = {isa = PBXBuildFile; fileRef = 547D14112B270D520092E67D /* ManySquaresUnionTest.swift */; };
		54C3C5B42B163630001E7B57 /* iOverlay in Frameworks */ = {isa = PBXBuildFile; productRef = 54C3C5B32B163630001E7B57 /* iOverlay */; };
		54C9435A2B123F1E0048E4B0 /* iShape in Frameworks */ = {isa = PBXBuildFile; productRef = 54C943592B123F1E0048E4B0 /* iShape */; };
		54CCFCAC2B62439A00EB6D38 /* WindowsTest.swift in Sources */ = {isa = PBXBuildFile; fileRef = 54CCFCAB2B62439A00EB6D38 /* WindowsTest.swift */; };
		54CCFCAF2B625E9800EB6D38 /* iShape in Frameworks */ = {isa = PBXBuildFile; productRef = 54CCFCAE2B625E9800EB6D38 /* iShape */; };
		54CD21392B629A2100340B9F /* СoncentricSquaresTest.swift in Sources */ = {isa = PBXBuildFile; fileRef = 54CD21382B629A2100340B9F /* СoncentricSquaresTest.swift */; };
/* End PBXBuildFile section */

/* Begin PBXCopyFilesBuildPhase section */
		545646922AFAAD74008ED0AA /* CopyFiles */ = {
			isa = PBXCopyFilesBuildPhase;
			buildActionMask = 2147483647;
			dstPath = /usr/share/man/man1/;
			dstSubfolderSpec = 0;
			files = (
			);
			runOnlyForDeploymentPostprocessing = 1;
		};
/* End PBXCopyFilesBuildPhase section */

/* Begin PBXFileReference section */
		545646942AFAAD74008ED0AA /* iOverlayPerformance */ = {isa = PBXFileReference; explicitFileType = "compiled.mach-o.executable"; includeInIndex = 0; path = iOverlayPerformance; sourceTree = BUILT_PRODUCTS_DIR; };
		545646972AFAAD74008ED0AA /* main.swift */ = {isa = PBXFileReference; lastKnownFileType = sourcecode.swift; path = main.swift; sourceTree = "<group>"; };
		5456469E2AFAAD96008ED0AA /* ManySquaresTest.swift */ = {isa = PBXFileReference; lastKnownFileType = sourcecode.swift; path = ManySquaresTest.swift; sourceTree = "<group>"; };
		545646A32AFAAF48008ED0AA /* LongRectsTest.swift */ = {isa = PBXFileReference; lastKnownFileType = sourcecode.swift; path = LongRectsTest.swift; sourceTree = "<group>"; };
		546C7F492B1728B8000D36DF /* NoOverlapTest.swift */ = {isa = PBXFileReference; lastKnownFileType = sourcecode.swift; path = NoOverlapTest.swift; sourceTree = "<group>"; };
		547D14112B270D520092E67D /* ManySquaresUnionTest.swift */ = {isa = PBXFileReference; lastKnownFileType = sourcecode.swift; path = ManySquaresUnionTest.swift; sourceTree = "<group>"; };
		54CCFCAB2B62439A00EB6D38 /* WindowsTest.swift */ = {isa = PBXFileReference; lastKnownFileType = sourcecode.swift; path = WindowsTest.swift; sourceTree = "<group>"; };
		54CD21382B629A2100340B9F /* СoncentricSquaresTest.swift */ = {isa = PBXFileReference; lastKnownFileType = sourcecode.swift; path = "СoncentricSquaresTest.swift"; sourceTree = "<group>"; };
/* End PBXFileReference section */

/* Begin PBXFrameworksBuildPhase section */
		545646912AFAAD74008ED0AA /* Frameworks */ = {
			isa = PBXFrameworksBuildPhase;
			buildActionMask = 2147483647;
			files = (
				54CCFCAF2B625E9800EB6D38 /* iShape in Frameworks */,
				545646A22AFAAE03008ED0AA /* iOverlay in Frameworks */,
				54C9435A2B123F1E0048E4B0 /* iShape in Frameworks */,
				54371A2C2AFD68C6007BF214 /* iOverlay in Frameworks */,
				54C3C5B42B163630001E7B57 /* iOverlay in Frameworks */,
			);
			runOnlyForDeploymentPostprocessing = 0;
		};
/* End PBXFrameworksBuildPhase section */

/* Begin PBXGroup section */
		5456468B2AFAAD74008ED0AA = {
			isa = PBXGroup;
			children = (
				545646962AFAAD74008ED0AA /* iOverlayPerformance */,
				545646952AFAAD74008ED0AA /* Products */,
			);
			sourceTree = "<group>";
		};
		545646952AFAAD74008ED0AA /* Products */ = {
			isa = PBXGroup;
			children = (
				545646942AFAAD74008ED0AA /* iOverlayPerformance */,
			);
			name = Products;
			sourceTree = "<group>";
		};
		545646962AFAAD74008ED0AA /* iOverlayPerformance */ = {
			isa = PBXGroup;
			children = (
				545646972AFAAD74008ED0AA /* main.swift */,
				5456469E2AFAAD96008ED0AA /* ManySquaresTest.swift */,
				545646A32AFAAF48008ED0AA /* LongRectsTest.swift */,
				546C7F492B1728B8000D36DF /* NoOverlapTest.swift */,
				547D14112B270D520092E67D /* ManySquaresUnionTest.swift */,
				54CCFCAB2B62439A00EB6D38 /* WindowsTest.swift */,
				54CD21382B629A2100340B9F /* СoncentricSquaresTest.swift */,
			);
			path = iOverlayPerformance;
			sourceTree = "<group>";
		};
/* End PBXGroup section */

/* Begin PBXNativeTarget section */
		545646932AFAAD74008ED0AA /* iOverlayPerformance */ = {
			isa = PBXNativeTarget;
			buildConfigurationList = 5456469B2AFAAD74008ED0AA /* Build configuration list for PBXNativeTarget "iOverlayPerformance" */;
			buildPhases = (
				545646902AFAAD74008ED0AA /* Sources */,
				545646912AFAAD74008ED0AA /* Frameworks */,
				545646922AFAAD74008ED0AA /* CopyFiles */,
			);
			buildRules = (
			);
			dependencies = (
			);
			name = iOverlayPerformance;
			packageProductDependencies = (
				545646A12AFAAE03008ED0AA /* iOverlay */,
				54371A2B2AFD68C6007BF214 /* iOverlay */,
				54C943592B123F1E0048E4B0 /* iShape */,
				54C3C5B32B163630001E7B57 /* iOverlay */,
				54CCFCAE2B625E9800EB6D38 /* iShape */,
			);
			productName = iOverlayPerformance;
			productReference = 545646942AFAAD74008ED0AA /* iOverlayPerformance */;
			productType = "com.apple.product-type.tool";
		};
/* End PBXNativeTarget section */

/* Begin PBXProject section */
		5456468C2AFAAD74008ED0AA /* Project object */ = {
			isa = PBXProject;
			attributes = {
				BuildIndependentTargetsInParallel = 1;
				LastSwiftUpdateCheck = 1500;
				LastUpgradeCheck = 1500;
				TargetAttributes = {
					545646932AFAAD74008ED0AA = {
						CreatedOnToolsVersion = 15.0.1;
					};
				};
			};
			buildConfigurationList = 5456468F2AFAAD74008ED0AA /* Build configuration list for PBXProject "iOverlayPerformance" */;
			compatibilityVersion = "Xcode 14.0";
			developmentRegion = en;
			hasScannedForEncodings = 0;
			knownRegions = (
				en,
				Base,
			);
			mainGroup = 5456468B2AFAAD74008ED0AA;
			packageReferences = (
				54C3C5B22B163630001E7B57 /* XCLocalSwiftPackageReference "../../iOverlay" */,
				54CCFCAD2B625E9800EB6D38 /* XCLocalSwiftPackageReference "../../iShape" */,
			);
			productRefGroup = 545646952AFAAD74008ED0AA /* Products */;
			projectDirPath = "";
			projectRoot = "";
			targets = (
				545646932AFAAD74008ED0AA /* iOverlayPerformance */,
			);
		};
/* End PBXProject section */

/* Begin PBXSourcesBuildPhase section */
		545646902AFAAD74008ED0AA /* Sources */ = {
			isa = PBXSourcesBuildPhase;
			buildActionMask = 2147483647;
			files = (
				547D14122B270D520092E67D /* ManySquaresUnionTest.swift in Sources */,
				54CCFCAC2B62439A00EB6D38 /* WindowsTest.swift in Sources */,
				546C7F4A2B1728B8000D36DF /* NoOverlapTest.swift in Sources */,
				54CD21392B629A2100340B9F /* СoncentricSquaresTest.swift in Sources */,
				545646982AFAAD74008ED0AA /* main.swift in Sources */,
				5456469F2AFAAD96008ED0AA /* ManySquaresTest.swift in Sources */,
				545646A42AFAAF48008ED0AA /* LongRectsTest.swift in Sources */,
			);
			runOnlyForDeploymentPostprocessing = 0;
		};
/* End PBXSourcesBuildPhase section */

/* Begin XCBuildConfiguration section */
		545646992AFAAD74008ED0AA /* Debug */ = {
			isa = XCBuildConfiguration;
			buildSettings = {
				ALWAYS_SEARCH_USER_PATHS = NO;
				ASSETCATALOG_COMPILER_GENERATE_SWIFT_ASSET_SYMBOL_EXTENSIONS = YES;
				CLANG_ANALYZER_NONNULL = YES;
				CLANG_ANALYZER_NUMBER_OBJECT_CONVERSION = YES_AGGRESSIVE;
				CLANG_CXX_LANGUAGE_STANDARD = "gnu++20";
				CLANG_ENABLE_MODULES = YES;
				CLANG_ENABLE_OBJC_ARC = YES;
				CLANG_ENABLE_OBJC_WEAK = YES;
				CLANG_WARN_BLOCK_CAPTURE_AUTORELEASING = YES;
				CLANG_WARN_BOOL_CONVERSION = YES;
				CLANG_WARN_COMMA = YES;
				CLANG_WARN_CONSTANT_CONVERSION = YES;
				CLANG_WARN_DEPRECATED_OBJC_IMPLEMENTATIONS = YES;
				CLANG_WARN_DIRECT_OBJC_ISA_USAGE = YES_ERROR;
				CLANG_WARN_DOCUMENTATION_COMMENTS = YES;
				CLANG_WARN_EMPTY_BODY = YES;
				CLANG_WARN_ENUM_CONVERSION = YES;
				CLANG_WARN_INFINITE_RECURSION = YES;
				CLANG_WARN_INT_CONVERSION = YES;
				CLANG_WARN_NON_LITERAL_NULL_CONVERSION = YES;
				CLANG_WARN_OBJC_IMPLICIT_RETAIN_SELF = YES;
				CLANG_WARN_OBJC_LITERAL_CONVERSION = YES;
				CLANG_WARN_OBJC_ROOT_CLASS = YES_ERROR;
				CLANG_WARN_QUOTED_INCLUDE_IN_FRAMEWORK_HEADER = YES;
				CLANG_WARN_RANGE_LOOP_ANALYSIS = YES;
				CLANG_WARN_STRICT_PROTOTYPES = YES;
				CLANG_WARN_SUSPICIOUS_MOVE = YES;
				CLANG_WARN_UNGUARDED_AVAILABILITY = YES_AGGRESSIVE;
				CLANG_WARN_UNREACHABLE_CODE = YES;
				CLANG_WARN__DUPLICATE_METHOD_MATCH = YES;
				COPY_PHASE_STRIP = NO;
				DEBUG_INFORMATION_FORMAT = dwarf;
				ENABLE_STRICT_OBJC_MSGSEND = YES;
				ENABLE_TESTABILITY = YES;
				ENABLE_USER_SCRIPT_SANDBOXING = YES;
				GCC_C_LANGUAGE_STANDARD = gnu17;
				GCC_DYNAMIC_NO_PIC = NO;
				GCC_NO_COMMON_BLOCKS = YES;
				GCC_OPTIMIZATION_LEVEL = 0;
				GCC_PREPROCESSOR_DEFINITIONS = (
					"DEBUG=1",
					"$(inherited)",
				);
				GCC_WARN_64_TO_32_BIT_CONVERSION = YES;
				GCC_WARN_ABOUT_RETURN_TYPE = YES_ERROR;
				GCC_WARN_UNDECLARED_SELECTOR = YES;
				GCC_WARN_UNINITIALIZED_AUTOS = YES_AGGRESSIVE;
				GCC_WARN_UNUSED_FUNCTION = YES;
				GCC_WARN_UNUSED_VARIABLE = YES;
				LOCALIZATION_PREFERS_STRING_CATALOGS = YES;
				MACOSX_DEPLOYMENT_TARGET = 14.0;
				MTL_ENABLE_DEBUG_INFO = INCLUDE_SOURCE;
				MTL_FAST_MATH = YES;
				ONLY_ACTIVE_ARCH = YES;
				SDKROOT = macosx;
				SWIFT_ACTIVE_COMPILATION_CONDITIONS = "DEBUG $(inherited)";
				SWIFT_OPTIMIZATION_LEVEL = "-Onone";
			};
			name = Debug;
		};
		5456469A2AFAAD74008ED0AA /* Release */ = {
			isa = XCBuildConfiguration;
			buildSettings = {
				ALWAYS_SEARCH_USER_PATHS = NO;
				ASSETCATALOG_COMPILER_GENERATE_SWIFT_ASSET_SYMBOL_EXTENSIONS = YES;
				CLANG_ANALYZER_NONNULL = YES;
				CLANG_ANALYZER_NUMBER_OBJECT_CONVERSION = YES_AGGRESSIVE;
				CLANG_CXX_LANGUAGE_STANDARD = "gnu++20";
				CLANG_ENABLE_MODULES = YES;
				CLANG_ENABLE_OBJC_ARC = YES;
				CLANG_ENABLE_OBJC_WEAK = YES;
				CLANG_WARN_BLOCK_CAPTURE_AUTORELEASING = YES;
				CLANG_WARN_BOOL_CONVERSION = YES;
				CLANG_WARN_COMMA = YES;
				CLANG_WARN_CONSTANT_CONVERSION = YES;
				CLANG_WARN_DEPRECATED_OBJC_IMPLEMENTATIONS = YES;
				CLANG_WARN_DIRECT_OBJC_ISA_USAGE = YES_ERROR;
				CLANG_WARN_DOCUMENTATION_COMMENTS = YES;
				CLANG_WARN_EMPTY_BODY = YES;
				CLANG_WARN_ENUM_CONVERSION = YES;
				CLANG_WARN_INFINITE_RECURSION = YES;
				CLANG_WARN_INT_CONVERSION = YES;
				CLANG_WARN_NON_LITERAL_NULL_CONVERSION = YES;
				CLANG_WARN_OBJC_IMPLICIT_RETAIN_SELF = YES;
				CLANG_WARN_OBJC_LITERAL_CONVERSION = YES;
				CLANG_WARN_OBJC_ROOT_CLASS = YES_ERROR;
				CLANG_WARN_QUOTED_INCLUDE_IN_FRAMEWORK_HEADER = YES;
				CLANG_WARN_RANGE_LOOP_ANALYSIS = YES;
				CLANG_WARN_STRICT_PROTOTYPES = YES;
				CLANG_WARN_SUSPICIOUS_MOVE = YES;
				CLANG_WARN_UNGUARDED_AVAILABILITY = YES_AGGRESSIVE;
				CLANG_WARN_UNREACHABLE_CODE = YES;
				CLANG_WARN__DUPLICATE_METHOD_MATCH = YES;
				COPY_PHASE_STRIP = NO;
				DEBUG_INFORMATION_FORMAT = "dwarf-with-dsym";
				ENABLE_NS_ASSERTIONS = NO;
				ENABLE_STRICT_OBJC_MSGSEND = YES;
				ENABLE_USER_SCRIPT_SANDBOXING = YES;
				GCC_C_LANGUAGE_STANDARD = gnu17;
				GCC_NO_COMMON_BLOCKS = YES;
				GCC_WARN_64_TO_32_BIT_CONVERSION = YES;
				GCC_WARN_ABOUT_RETURN_TYPE = YES_ERROR;
				GCC_WARN_UNDECLARED_SELECTOR = YES;
				GCC_WARN_UNINITIALIZED_AUTOS = YES_AGGRESSIVE;
				GCC_WARN_UNUSED_FUNCTION = YES;
				GCC_WARN_UNUSED_VARIABLE = YES;
				LOCALIZATION_PREFERS_STRING_CATALOGS = YES;
				MACOSX_DEPLOYMENT_TARGET = 14.0;
				MTL_ENABLE_DEBUG_INFO = NO;
				MTL_FAST_MATH = YES;
				SDKROOT = macosx;
				SWIFT_COMPILATION_MODE = wholemodule;
			};
			name = Release;
		};
		5456469C2AFAAD74008ED0AA /* Debug */ = {
			isa = XCBuildConfiguration;
			buildSettings = {
				CODE_SIGN_STYLE = Automatic;
				DEVELOPMENT_TEAM = HPV9E52JPX;
				ENABLE_HARDENED_RUNTIME = YES;
				PRODUCT_NAME = "$(TARGET_NAME)";
				SWIFT_VERSION = 5.0;
			};
			name = Debug;
		};
		5456469D2AFAAD74008ED0AA /* Release */ = {
			isa = XCBuildConfiguration;
			buildSettings = {
				CODE_SIGN_STYLE = Automatic;
				DEVELOPMENT_TEAM = HPV9E52JPX;
				ENABLE_HARDENED_RUNTIME = YES;
				PRODUCT_NAME = "$(TARGET_NAME)";
				SWIFT_VERSION = 5.0;
			};
			name = Release;
		};
/* End XCBuildConfiguration section */

/* Begin XCConfigurationList section */
		5456468F2AFAAD74008ED0AA /* Build configuration list for PBXProject "iOverlayPerformance" */ = {
			isa = XCConfigurationList;
			buildConfigurations = (
				545646992AFAAD74008ED0AA /* Debug */,
				5456469A2AFAAD74008ED0AA /* Release */,
			);
			defaultConfigurationIsVisible = 0;
			defaultConfigurationName = Release;
		};
		5456469B2AFAAD74008ED0AA /* Build configuration list for PBXNativeTarget "iOverlayPerformance" */ = {
			isa = XCConfigurationList;
			buildConfigurations = (
				5456469C2AFAAD74008ED0AA /* Debug */,
				5456469D2AFAAD74008ED0AA /* Release */,
			);
			defaultConfigurationIsVisible = 0;
			defaultConfigurationName = Release;
		};
/* End XCConfigurationList section */

/* Begin XCLocalSwiftPackageReference section */
		54C3C5B22B163630001E7B57 /* XCLocalSwiftPackageReference "../../iOverlay" */ = {
			isa = XCLocalSwiftPackageReference;
			relativePath = ../../iOverlay;
		};
		54CCFCAD2B625E9800EB6D38 /* XCLocalSwiftPackageReference "../../iShape" */ = {
			isa = XCLocalSwiftPackageReference;
			relativePath = ../../iShape;
		};
/* End XCLocalSwiftPackageReference section */

/* Begin XCSwiftPackageProductDependency section */
		54371A2B2AFD68C6007BF214 /* iOverlay */ = {
			isa = XCSwiftPackageProductDependency;
			productName = iOverlay;
		};
		545646A12AFAAE03008ED0AA /* iOverlay */ = {
			isa = XCSwiftPackageProductDependency;
			productName = iOverlay;
		};
		54C3C5B32B163630001E7B57 /* iOverlay */ = {
			isa = XCSwiftPackageProductDependency;
			productName = iOverlay;
		};
		54C943592B123F1E0048E4B0 /* iShape */ = {
			isa = XCSwiftPackageProductDependency;
			productName = iShape;
		};
		54CCFCAE2B625E9800EB6D38 /* iShape */ = {
			isa = XCSwiftPackageProductDependency;
			productName = iShape;
		};
/* End XCSwiftPackageProductDependency section */
	};
	rootObject = 5456468C2AFAAD74008ED0AA /* Project object */;
}
